
Microsoft Visual Studio Solution File, Format Version 12.00
# Visual Studio Version 16
VisualStudioVersion = 16.0.30804.86
MinimumVisualStudioVersion = 10.0.40219.1
Project("{FAE04EC0-301F-11D3-BF4B-00C04F79EFBC}") = "RingbaProgrammingTest", "RingbaProgrammingTest\RingbaProgrammingTest.csproj", "{6910BD05-1BE4-4136-A9EE-A5F34ED32C1F}"
EndProject
Global
	GlobalSection(SolutionConfigurationPlatforms) = preSolution
		Debug|Any CPU = Debug|Any CPU
		Release|Any CPU = Release|Any CPU
	EndGlobalSection
	GlobalSection(ProjectConfigurationPlatforms) = postSolution
		{6910BD05-1BE4-4136-A9EE-A5F34ED32C1F}.Debug|Any CPU.ActiveCfg = Debug|Any CPU
		{6910BD05-1BE4-4136-A9EE-A5F34ED32C1F}.Debug|Any CPU.Build.0 = Debug|Any CPU
		{6910BD05-1BE4-4136-A9EE-A5F34ED32C1F}.Release|Any CPU.ActiveCfg = Release|Any CPU
		{6910BD05-1BE4-4136-A9EE-A5F34ED32C1F}.Release|Any CPU.Build.0 = Release|Any CPU
	EndGlobalSection
	GlobalSection(SolutionProperties) = preSolution
		HideSolutionNode = FALSE
	EndGlobalSection
	GlobalSection(ExtensibilityGlobals) = postSolution
		SolutionGuid = {7F8BA2EB-3A16-4386-BF3F-7E50BD774DB6}
	EndGlobalSection
EndGlobal
